
Microsoft Visual Studio Solution File, Format Version 12.00
# Visual Studio Version 16
VisualStudioVersion = 16.0.29519.87
MinimumVisualStudioVersion = 10.0.40219.1
Project("{FAE04EC0-301F-11D3-BF4B-00C04F79EFBC}") = "Plantville", "Plantville\Plantville.csproj", "{DD77F4B0-E389-49B5-AAA2-64DC4B083F0F}"
EndProject
Global
	GlobalSection(SolutionConfigurationPlatforms) = preSolution
		Debug|Any CPU = Debug|Any CPU
		Release|Any CPU = Release|Any CPU
	EndGlobalSection
	GlobalSection(ProjectConfigurationPlatforms) = postSolution
		{DD77F4B0-E389-49B5-AAA2-64DC4B083F0F}.Debug|Any CPU.ActiveCfg = Release|Any CPU
		{DD77F4B0-E389-49B5-AAA2-64DC4B083F0F}.Debug|Any CPU.Build.0 = Release|Any CPU
		{DD77F4B0-E389-49B5-AAA2-64DC4B083F0F}.Release|Any CPU.ActiveCfg = Release|Any CPU
		{DD77F4B0-E389-49B5-AAA2-64DC4B083F0F}.Release|Any CPU.Build.0 = Release|Any CPU
	EndGlobalSection
	GlobalSection(SolutionProperties) = preSolution
		HideSolutionNode = FALSE
	EndGlobalSection
	GlobalSection(ExtensibilityGlobals) = postSolution
		SolutionGuid = {37BD7A85-E094-4266-B7B0-CCF8F5E6A102}
	EndGlobalSection
EndGlobal
